
Microsoft Visual Studio Solution File, Format Version 12.00
# Visual Studio Version 16
VisualStudioVersion = 16.0.30204.135
MinimumVisualStudioVersion = 10.0.40219.1
Project("{FAE04EC0-301F-11D3-BF4B-00C04F79EFBC}") = "CtLists", "CtLists.csproj", "{E08B517C-EDDC-46E5-A14D-F6122439289F}"
EndProject
Project("{FAE04EC0-301F-11D3-BF4B-00C04F79EFBC}") = "TCore.Util", "..\liblet\cs\TCore.Util\TCore.Util.csproj", "{59868345-BC40-4771-A4D7-7C6A763663F0}"
EndProject
Global
	GlobalSection(SolutionConfigurationPlatforms) = preSolution
		Debug|Any CPU = Debug|Any CPU
		Release|Any CPU = Release|Any CPU
	EndGlobalSection
	GlobalSection(ProjectConfigurationPlatforms) = postSolution
		{E08B517C-EDDC-46E5-A14D-F6122439289F}.Debug|Any CPU.ActiveCfg = Debug|Any CPU
		{E08B517C-EDDC-46E5-A14D-F6122439289F}.Debug|Any CPU.Build.0 = Debug|Any CPU
		{E08B517C-EDDC-46E5-A14D-F6122439289F}.Release|Any CPU.ActiveCfg = Release|Any CPU
		{E08B517C-EDDC-46E5-A14D-F6122439289F}.Release|Any CPU.Build.0 = Release|Any CPU
		{59868345-BC40-4771-A4D7-7C6A763663F0}.Debug|Any CPU.ActiveCfg = Debug|Any CPU
		{59868345-BC40-4771-A4D7-7C6A763663F0}.Debug|Any CPU.Build.0 = Debug|Any CPU
		{59868345-BC40-4771-A4D7-7C6A763663F0}.Release|Any CPU.ActiveCfg = Release|Any CPU
		{59868345-BC40-4771-A4D7-7C6A763663F0}.Release|Any CPU.Build.0 = Release|Any CPU
	EndGlobalSection
	GlobalSection(SolutionProperties) = preSolution
		HideSolutionNode = FALSE
	EndGlobalSection
	GlobalSection(ExtensibilityGlobals) = postSolution
		SolutionGuid = {9308779D-FD0A-4A68-8E13-BA3D47ADCA0F}
	EndGlobalSection
EndGlobal
